
Microsoft Visual Studio Solution File, Format Version 12.00
# Visual Studio Version 17
VisualStudioVersion = 17.0.31903.59
MinimumVisualStudioVersion = 10.0.40219.1
Project("{FAE04EC0-301F-11D3-BF4B-00C04F79EFBC}") = "RiverBooks.Api", "RiverBooks.Api\RiverBooks.Api.csproj", "{57AA3DC0-48D6-478D-96F6-D4A263EA4480}"
EndProject
Project("{FAE04EC0-301F-11D3-BF4B-00C04F79EFBC}") = "RiverBooks.Books", "RiverBooks.Books\RiverBooks.Books.csproj", "{93ABCF7C-923B-4ECD-92E0-55C2011276F5}"
EndProject
Project("{FAE04EC0-301F-11D3-BF4B-00C04F79EFBC}") = "RiverBooks.Users", "RiverBooks.Users\RiverBooks.Users.csproj", "{CEECE66B-028B-4B80-A40A-3F9E90A7E41A}"
EndProject
Project("{FAE04EC0-301F-11D3-BF4B-00C04F79EFBC}") = "RiverBooks.Books.Contracts", "RiverBooks.Books.Contracts\RiverBooks.Books.Contracts.csproj", "{AD3B103A-82BF-4EBF-A7A3-889E9F30DFB9}"
EndProject
Global
	GlobalSection(SolutionConfigurationPlatforms) = preSolution
		Debug|Any CPU = Debug|Any CPU
		Release|Any CPU = Release|Any CPU
	EndGlobalSection
	GlobalSection(SolutionProperties) = preSolution
		HideSolutionNode = FALSE
	EndGlobalSection
	GlobalSection(ProjectConfigurationPlatforms) = postSolution
		{57AA3DC0-48D6-478D-96F6-D4A263EA4480}.Debug|Any CPU.ActiveCfg = Debug|Any CPU
		{57AA3DC0-48D6-478D-96F6-D4A263EA4480}.Debug|Any CPU.Build.0 = Debug|Any CPU
		{57AA3DC0-48D6-478D-96F6-D4A263EA4480}.Release|Any CPU.ActiveCfg = Release|Any CPU
		{57AA3DC0-48D6-478D-96F6-D4A263EA4480}.Release|Any CPU.Build.0 = Release|Any CPU
		{93ABCF7C-923B-4ECD-92E0-55C2011276F5}.Debug|Any CPU.ActiveCfg = Debug|Any CPU
		{93ABCF7C-923B-4ECD-92E0-55C2011276F5}.Debug|Any CPU.Build.0 = Debug|Any CPU
		{93ABCF7C-923B-4ECD-92E0-55C2011276F5}.Release|Any CPU.ActiveCfg = Release|Any CPU
		{93ABCF7C-923B-4ECD-92E0-55C2011276F5}.Release|Any CPU.Build.0 = Release|Any CPU
		{CEECE66B-028B-4B80-A40A-3F9E90A7E41A}.Debug|Any CPU.ActiveCfg = Debug|Any CPU
		{CEECE66B-028B-4B80-A40A-3F9E90A7E41A}.Debug|Any CPU.Build.0 = Debug|Any CPU
		{CEECE66B-028B-4B80-A40A-3F9E90A7E41A}.Release|Any CPU.ActiveCfg = Release|Any CPU
		{CEECE66B-028B-4B80-A40A-3F9E90A7E41A}.Release|Any CPU.Build.0 = Release|Any CPU
		{AD3B103A-82BF-4EBF-A7A3-889E9F30DFB9}.Debug|Any CPU.ActiveCfg = Debug|Any CPU
		{AD3B103A-82BF-4EBF-A7A3-889E9F30DFB9}.Debug|Any CPU.Build.0 = Debug|Any CPU
		{AD3B103A-82BF-4EBF-A7A3-889E9F30DFB9}.Release|Any CPU.ActiveCfg = Release|Any CPU
		{AD3B103A-82BF-4EBF-A7A3-889E9F30DFB9}.Release|Any CPU.Build.0 = Release|Any CPU
	EndGlobalSection
EndGlobal
